<?xml version="1.0" encoding="UTF-8" standalone="yes" ?>
<CodeBlocks_project_file>
	<FileVersion major="1" minor="6" />
	<Project>
		<Option title="openPirates" />
		<Option pch_mode="2" />
		<Option compiler="gcc" />
		<Build>
			<Target title="WIN32 Debug">
				<Option output="./build/pirates_debug" prefix_auto="0" extension_auto="1" />
				<Option working_dir="./build/" />
				<Option object_output="./obj/win32/Debug/" />
				<Option type="1" />
				<Option compiler="gcc" />
				<Compiler>
					<Add option="-g" />
					<Add option="-DPLATFORM_PC" />
				</Compiler>
				<Linker>
					<Add option="-lmingw32 -lSDLmain -lSDL -lSDL_image -lSDL_mixer -lSDL_ttf" />
				</Linker>
			</Target>
			<Target title="WIN32 Release">
				<Option output="./build/pirates_release" prefix_auto="0" extension_auto="1" />
				<Option working_dir="./build/" />
				<Option object_output="./obj/win32/Release/" />
				<Option type="1" />
				<Option compiler="gcc" />
				<Compiler>
					<Add option="-O2" />
					<Add option="-Wall" />
					<Add option="-DPLATFORM_PC" />
				</Compiler>
				<Linker>
					<Add option="-s" />
					<Add option="-lmingw32 -lSDLmain -lSDL -lSDL_image -lSDLgfx -lSDL_mixer -lSDL_ttf" />
				</Linker>
			</Target>
			<Target title="DevkitGP2X GPL Release">
				<Option output="./build/pirates.gpe" prefix_auto="0" extension_auto="0" />
				<Option working_dir="./build/" />
				<Option object_output="./obj/DevKitGP2X/Release" />
				<Option type="1" />
				<Option compiler="gcc" />
				<Option use_console_runner="0" />
				<Compiler>
					<Add option="-O2" />
					<Add option="-DPLATFORM_GP2X" />
				</Compiler>
				<Linker>
					<Add option="-s" />
					<Add option="-static -lSDL_gfx -lSDL_ttf -lfreetype -lSDL_image -ljpeg -lpng12 -lz -lSDL_mixer -lvorbisidec -lmikmod -lmad -lSDL -lgcc -lm -lc -lexpat -lpthread -msoft-float -ldl" />
				</Linker>
			</Target>
			<Target title="Open2x LGPL Release">
				<Option output="./build/pirates_o2x.gpe" prefix_auto="0" extension_auto="0" />
				<Option working_dir="./build/" />
				<Option object_output="./obj/GP2X/Release" />
				<Option type="1" />
				<Option compiler="gcc" />
				<Option use_console_runner="0" />
				<Compiler>
					<Add option="-O2" />
					<Add option="-DPLATFORM_GP2X" />
				</Compiler>
				<Linker>
					<Add option="-s" />
					<Add option="-static -lSDL_gfx -lSDL_ttf -lfreetype -lSDL_image -ljpeg -lpng12 -lz -lSDL_mixer -lvorbisidec -lmikmod -lsmpeg -lSDL -lgcc -lm -lc -lexpat -lpthread -msoft-float" />
				</Linker>
			</Target>
			<Target title="Linux Debug">
				<Option output="./build/pirates_debug" prefix_auto="0" extension_auto="0" />
				<Option working_dir="./build/" />
				<Option object_output="./obj/linux/Debug/" />
				<Option type="1" />
				<Option compiler="gcc" />
				<Compiler>
					<Add option="-Wshadow" />
					<Add option="-Winit-self" />
					<Add option="-Wredundant-decls" />
					<Add option="-Wcast-align" />
					<Add option="-Wundef" />
					<Add option="-Wfloat-equal" />
					<Add option="-Winline" />
					<Add option="-Wunreachable-code" />
					<Add option="-Wmissing-declarations" />
					<Add option="-Wmissing-include-dirs" />
					<Add option="-Wswitch-default" />
					<Add option="-Weffc++" />
					<Add option="-Wmain" />
					<Add option="-pedantic-errors" />
					<Add option="-pedantic" />
					<Add option="-Wextra" />
					<Add option="-Wall" />
					<Add option="-pg" />
					<Add option="-g" />
					<Add option="-DDEBUG" />
					<Add directory="/usr/include/SDL" />
				</Compiler>
				<Linker>
					<Add option="-pg" />
					<Add option="-lSDLmain -lSDL -lSDL_image -lSDL_mixer -lSDL_ttf" />
				</Linker>
			</Target>
			<Target title="Linux Release">
				<Option output="./build/pirates_release" prefix_auto="0" extension_auto="0" />
				<Option working_dir="./build/" />
				<Option object_output="./obj/linux/Release/" />
				<Option type="1" />
				<Option compiler="gcc" />
				<Compiler>
					<Add option="-O2" />
					<Add option="-Wall" />
					<Add option="-DPLATFORM_PC" />
					<Add directory="/usr/include/SDL" />
				</Compiler>
				<Linker>
					<Add option="-s" />
					<Add option="-lSDLmain -lSDL -lSDL_image -lSDL_gfx -lSDL_mixer -lSDL_ttf" />
				</Linker>
			</Target>
			<Target title="Pandora Release">
				<Option output="./build/pirates_debug" prefix_auto="0" extension_auto="0" />
				<Option working_dir="./build/" />
				<Option object_output="./obj/pnd/Release" />
				<Option type="1" />
				<Option compiler="pandora_omap3" />
				<Option use_console_runner="0" />
				<Compiler>
					<Add option="-O2" />
					<Add option="-Wall" />
					<Add option="-DPLATFORM_PC" />
					<Add directory="../../../../../home/pickle/smb4k/Sempron/media/devel/toolchains/pandora/arm-2007q3/include/SDL" />
				</Compiler>
				<Linker>
					<Add option="-s" />
					<Add option="-lSDL -lSDL_image -lSDL_gfx -lSDL_mixer -lSDL_ttf -ljpeg -lmad -lfreetype -ltiff -lz -lpng12 -lts" />
					<Add directory="../../../../../home/pickle/smb4k/Sempron/media/devel/toolchains/pandora/arm-2007q3/lib" />
				</Linker>
			</Target>
		</Build>
		<Compiler>
			<Add directory="src" />
		</Compiler>
		<Unit filename="src/constants.h" />
		<Unit filename="src/global.cpp" />
		<Unit filename="src/global.h" />
		<Unit filename="src/main.cpp" />
		<Unit filename="src/main.h" />
		<Unit filename="src/managers/cmanager.h" />
		<Unit filename="src/managers/cmanagerwindow.cpp" />
		<Unit filename="src/managers/cmanagerwindow.h" />
		<Unit filename="src/menus/cgovernor.cpp" />
		<Unit filename="src/menus/cgovernor.h" />
		<Unit filename="src/menus/cinformation.cpp" />
		<Unit filename="src/menus/cinformation.h" />
		<Unit filename="src/menus/cmenumain.cpp" />
		<Unit filename="src/menus/cmenumain.h" />
		<Unit filename="src/menus/cmenuoptions.cpp" />
		<Unit filename="src/menus/cmenuoptions.h" />
		<Unit filename="src/menus/cmenustart.cpp" />
		<Unit filename="src/menus/cmenustart.h" />
		<Unit filename="src/menus/cmenutownin.cpp" />
		<Unit filename="src/menus/cmenutownin.h" />
		<Unit filename="src/menus/cmenutownout.cpp" />
		<Unit filename="src/menus/cmenutownout.h" />
		<Unit filename="src/menus/cmerchant.cpp" />
		<Unit filename="src/menus/cmerchant.h" />
		<Unit filename="src/menus/cplunder.cpp" />
		<Unit filename="src/menus/cplunder.h" />
		<Unit filename="src/menus/csailho.cpp" />
		<Unit filename="src/menus/csailho.h" />
		<Unit filename="src/menus/cshipwright.cpp" />
		<Unit filename="src/menus/cshipwright.h" />
		<Unit filename="src/menus/ctavern.cpp" />
		<Unit filename="src/menus/ctavern.h" />
		<Unit filename="src/modes/cmodebattle.cpp" />
		<Unit filename="src/modes/cmodebattle.h" />
		<Unit filename="src/modes/cmodefencing.cpp" />
		<Unit filename="src/modes/cmodefencing.h" />
		<Unit filename="src/modes/cmodemain.cpp" />
		<Unit filename="src/modes/cmodemain.h" />
		<Unit filename="src/modes/cmodenav.cpp" />
		<Unit filename="src/modes/cmodenav.h" />
		<Unit filename="src/modes/cmodeworld.cpp" />
		<Unit filename="src/modes/cmodeworld.h" />
		<Unit filename="src/resources/cdata.cpp" />
		<Unit filename="src/resources/cdata.h" />
		<Unit filename="src/resources/controls/ccontrol.cpp" />
		<Unit filename="src/resources/controls/ccontrol.h" />
		<Unit filename="src/resources/controls/ccontrolmap.cpp" />
		<Unit filename="src/resources/controls/ccontrolmap.h" />
		<Unit filename="src/resources/controls/ccontrols.cpp" />
		<Unit filename="src/resources/controls/ccontrols.h" />
		<Unit filename="src/resources/controls/keystrings.h" />
		<Unit filename="src/resources/cresources.cpp" />
		<Unit filename="src/resources/cresources.h" />
		<Unit filename="src/resources/options/cfontoptions.h" />
		<Unit filename="src/resources/options/cgameoptions.h" />
		<Unit filename="src/resources/options/cini.cpp" />
		<Unit filename="src/resources/options/cini.h" />
		<Unit filename="src/resources/options/coptions.cpp" />
		<Unit filename="src/resources/options/coptions.h" />
		<Unit filename="src/resources/options/cscreenoptions.h" />
		<Unit filename="src/resources/options/csoundoptions.h" />
		<Unit filename="src/resources/types/cbattlearmystats.cpp" />
		<Unit filename="src/resources/types/cbattlearmystats.h" />
		<Unit filename="src/resources/types/cbattleshipstats.cpp" />
		<Unit filename="src/resources/types/cbattleshipstats.h" />
		<Unit filename="src/resources/types/ccargo.cpp" />
		<Unit filename="src/resources/types/ccargo.h" />
		<Unit filename="src/resources/types/cdate.cpp" />
		<Unit filename="src/resources/types/cdate.h" />
		<Unit filename="src/resources/types/cdyntown.cpp" />
		<Unit filename="src/resources/types/cdyntown.h" />
		<Unit filename="src/resources/types/ceconomy.cpp" />
		<Unit filename="src/resources/types/ceconomy.h" />
		<Unit filename="src/resources/types/ceventlog.cpp" />
		<Unit filename="src/resources/types/ceventlog.h" />
		<Unit filename="src/resources/types/cgood.cpp" />
		<Unit filename="src/resources/types/cgood.h" />
		<Unit filename="src/resources/types/cgraphic.cpp" />
		<Unit filename="src/resources/types/cgraphic.h" />
		<Unit filename="src/resources/types/cmap.cpp" />
		<Unit filename="src/resources/types/cmap.h" />
		<Unit filename="src/resources/types/cmaplocation.cpp" />
		<Unit filename="src/resources/types/cmaplocation.h" />
		<Unit filename="src/resources/types/cnation.cpp" />
		<Unit filename="src/resources/types/cnation.h" />
		<Unit filename="src/resources/types/cnationeconomy.cpp" />
		<Unit filename="src/resources/types/cnationeconomy.h" />
		<Unit filename="src/resources/types/cplayership.cpp" />
		<Unit filename="src/resources/types/cplayership.h" />
		<Unit filename="src/resources/types/cprisoner.cpp" />
		<Unit filename="src/resources/types/cprisoner.h" />
		<Unit filename="src/resources/types/crole.cpp" />
		<Unit filename="src/resources/types/crole.h" />
		<Unit filename="src/resources/types/cship.cpp" />
		<Unit filename="src/resources/types/cship.h" />
		<Unit filename="src/resources/types/cshipnation.cpp" />
		<Unit filename="src/resources/types/cshipnation.h" />
		<Unit filename="src/resources/types/csound.cpp" />
		<Unit filename="src/resources/types/csound.h" />
		<Unit filename="src/resources/types/cstring.cpp" />
		<Unit filename="src/resources/types/cstring.h" />
		<Unit filename="src/resources/types/cstringvalue.cpp" />
		<Unit filename="src/resources/types/cstringvalue.h" />
		<Unit filename="src/resources/types/ctmap.cpp" />
		<Unit filename="src/resources/types/ctmap.h" />
		<Unit filename="src/resources/types/ctown.cpp" />
		<Unit filename="src/resources/types/ctown.h" />
		<Unit filename="src/resources/types/ctowntimeperiod.cpp" />
		<Unit filename="src/resources/types/ctowntimeperiod.h" />
		<Unit filename="src/resources/types/ctransferwindow.cpp" />
		<Unit filename="src/resources/types/ctransferwindow.h" />
		<Unit filename="src/resources/types/cwindow.cpp" />
		<Unit filename="src/resources/types/cwindow.h" />
		<Unit filename="src/resources/types/cword.h" />
		<Unit filename="src/sim/cailogic.cpp" />
		<Unit filename="src/sim/cailogic.h" />
		<Unit filename="src/sim/ccalander.cpp" />
		<Unit filename="src/sim/ccalander.h" />
		<Unit filename="src/sim/csimulate.cpp" />
		<Unit filename="src/sim/csimulate.h" />
		<Unit filename="src/sim/cwind.cpp" />
		<Unit filename="src/sim/cwind.h" />
		<Unit filename="src/sprites/cdraw.cpp" />
		<Unit filename="src/sprites/cdraw.h" />
		<Unit filename="src/sprites/cspriteangular.cpp" />
		<Unit filename="src/sprites/cspriteangular.h" />
		<Unit filename="src/sprites/cspritedynamic.cpp" />
		<Unit filename="src/sprites/cspritedynamic.h" />
		<Unit filename="src/sprites/cspritestatic.cpp" />
		<Unit filename="src/sprites/cspritestatic.h" />
		<Unit filename="src/timers/cframelimit.cpp" />
		<Unit filename="src/timers/cframelimit.h" />
		<Unit filename="src/timers/ctimer.cpp" />
		<Unit filename="src/timers/ctimer.h" />
		<Extensions>
			<code_completion />
			<envvars />
			<debugger />
			<DoxyBlocks>
				<comment_style block="0" line="0" />
				<doxyfile_project />
				<doxyfile_build extract_all="1" />
				<doxyfile_warnings />
				<doxyfile_output />
				<doxyfile_dot />
				<general use_at_in_tags="1" />
			</DoxyBlocks>
		</Extensions>
	</Project>
</CodeBlocks_project_file>
